{
  "name": "mongoose-version-history",
  "version": "0.0.1",
  "lockfileVersion": 1,
  "requires": true,
  "dependencies": {
    "diff-to-patch": {
      "version": "0.1.0",
      "resolved": "https://registry.npmjs.org/diff-to-patch/-/diff-to-patch-0.1.0.tgz",
      "integrity": "sha512-nZH49R/A/cdaM7AjjoSWoJB/PcK2PzSeYRS2+0KqmuMev+v/eghsG8YIWwI5OBFquYTFC0WLl4oHiIKL0Szb3w=="
    }
  }
}
